PODS:
  - AFNetworking (4.0.1):
    - AFNetworking/NSURLSession (= 4.0.1)
    - AFNetworking/Reachability (= 4.0.1)
    - AFNetworking/Security (= 4.0.1)
    - AFNetworking/Serialization (= 4.0.1)
    - AFNetworking/UIKit (= 4.0.1)
  - AFNetworking/NSURLSession (4.0.1):
    - AFNetworking/Reachability
    - AFNetworking/Security
    - AFNetworking/Serialization
  - AFNetworking/Reachability (4.0.1)
  - AFNetworking/Security (4.0.1)
  - AFNetworking/Serialization (4.0.1)
  - AFNetworking/UIKit (4.0.1):
    - AFNetworking/NSURLSession
  - Alamofire (5.6.2)
  - Differentiator (5.0.0)
  - Moya (15.0.0):
    - Moya/Core (= 15.0.0)
  - Moya/Core (15.0.0):
    - Alamofire (~> 5.0)
  - Moya/RxSwift (15.0.0):
    - Moya/Core
    - RxSwift (~> 6.0)
  - MoyaSugar (1.3.3):
    - MoyaSugar/Core (= 1.3.3)
  - MoyaSugar/Core (1.3.3):
    - Moya (>= 14.0.0-beta.2)
  - ReactorKit (3.2.0):
    - RxSwift (~> 6.0)
    - WeakMapTable (~> 1.1)
  - ReusableKit (3.0.0):
    - ReusableKit/Core (= 3.0.0)
  - ReusableKit/Core (3.0.0)
  - RxCocoa (6.5.0):
    - RxRelay (= 6.5.0)
    - RxSwift (= 6.5.0)
  - RxDataSources (5.0.0):
    - Differentiator (~> 5.0)
    - RxCocoa (~> 6.0)
    - RxSwift (~> 6.0)
  - RxRelay (6.5.0):
    - RxSwift (= 6.5.0)
  - RxSwift (6.5.0)
  - SnapKit (5.6.0)
  - Then (3.0.0)
  - Umbrella (0.12.0):
    - Umbrella/Core (= 0.12.0)
  - Umbrella/Core (0.12.0)
  - WeakMapTable (1.2.0)

DEPENDENCIES:
  - AFNetworking
  - Alamofire
  - Moya
  - Moya/RxSwift
  - MoyaSugar
  - ReactorKit
  - ReusableKit
  - RxDataSources
  - RxSwift
  - SnapKit
  - Then
  - Umbrella

SPEC REPOS:
  trunk:
    - AFNetworking
    - Alamofire
    - Differentiator
    - Moya
    - MoyaSugar
    - ReactorKit
    - ReusableKit
    - RxCocoa
    - RxDataSources
    - RxRelay
    - RxSwift
    - SnapKit
    - Then
    - Umbrella
    - WeakMapTable

SPEC CHECKSUMS:
  AFNetworking: 7864c38297c79aaca1500c33288e429c3451fdce
  Alamofire: d368e1ff8a298e6dde360e35a3e68e6c610e7204
  Differentiator: e8497ceab83c1b10ca233716d547b9af21b9344d
  Moya: 138f0573e53411fb3dc17016add0b748dfbd78ee
  MoyaSugar: 63390c557e038c087dc4bcc8a9f9fda69647ce43
  ReactorKit: e8b11d6b9c415405f381669b095c154a05b59eca
  ReusableKit: e5f853ad4652e411f96b6119b2488afa12929be6
  RxCocoa: 94f817b71c07517321eb4f9ad299112ca8af743b
  RxDataSources: aa47cc1ed6c500fa0dfecac5c979b723542d79cf
  RxRelay: 1de1523e604c72b6c68feadedd1af3b1b4d0ecbd
  RxSwift: 5710a9e6b17f3c3d6e40d6e559b9fa1e813b2ef8
  SnapKit: e01d52ebb8ddbc333eefe2132acf85c8227d9c25
  Then: 844265ae87834bbe1147d91d5d41a404da2ec27d
  Umbrella: 4faf9786a6b29197608f6483711271104d237646
  WeakMapTable: 05c694ce8439a7a9ebabb56187287a63c57673d6

PODFILE CHECKSUM: f55b0b098c073e7b5bf24de206cfd5dd07ee4afa

COCOAPODS: 1.11.3
